
Microsoft Visual Studio Solution File, Format Version 12.00
# Visual Studio Version 16
VisualStudioVersion = 16.0.32126.315
MinimumVisualStudioVersion = 10.0.40219.1
Project("{FAE04EC0-301F-11D3-BF4B-00C04F79EFBC}") = "ReadExcel", "ReadExcel\ReadExcel.csproj", "{8BE86517-464C-40C3-8836-7D01041937A5}"
EndProject
Global
	GlobalSection(SolutionConfigurationPlatforms) = preSolution
		Debug|Any CPU = Debug|Any CPU
		Release|Any CPU = Release|Any CPU
	EndGlobalSection
	GlobalSection(ProjectConfigurationPlatforms) = postSolution
		{8BE86517-464C-40C3-8836-7D01041937A5}.Debug|Any CPU.ActiveCfg = Debug|Any CPU
		{8BE86517-464C-40C3-8836-7D01041937A5}.Debug|Any CPU.Build.0 = Debug|Any CPU
		{8BE86517-464C-40C3-8836-7D01041937A5}.Release|Any CPU.ActiveCfg = Release|Any CPU
		{8BE86517-464C-40C3-8836-7D01041937A5}.Release|Any CPU.Build.0 = Release|Any CPU
	EndGlobalSection
	GlobalSection(SolutionProperties) = preSolution
		HideSolutionNode = FALSE
	EndGlobalSection
	GlobalSection(ExtensibilityGlobals) = postSolution
		SolutionGuid = {B07062A0-3DFB-4F1A-8D56-A02D2A147662}
	EndGlobalSection
EndGlobal
